
Microsoft Visual Studio Solution File, Format Version 11.00
# Visual Studio 2010 Express for Windows Phone
Project("{FAE04EC0-301F-11D3-BF4B-00C04F79EFBC}") = "AmpM", "AmpM\AmpM.csproj", "{B86AE3F3-795D-40F7-A12F-DCB1C078976A}"
EndProject
Project("{FAE04EC0-301F-11D3-BF4B-00C04F79EFBC}") = "MyAudioPlaybackAgent", "MyAudioPlaybackAgent\MyAudioPlaybackAgent.csproj", "{C23F729D-0249-4B29-B27A-99F423834640}"
EndProject
Project("{FAE04EC0-301F-11D3-BF4B-00C04F79EFBC}") = "AmpmScheduledTaskAgent", "AmpmScheduledTaskAgent\AmpmScheduledTaskAgent.csproj", "{3538DC8F-482E-4381-8E5D-1FC6C346EE9B}"
	ProjectSection(ProjectDependencies) = postProject
		{C23F729D-0249-4B29-B27A-99F423834640} = {C23F729D-0249-4B29-B27A-99F423834640}
	EndProjectSection
EndProject
Global
	GlobalSection(SolutionConfigurationPlatforms) = preSolution
		Debug|Any CPU = Debug|Any CPU
		Release|Any CPU = Release|Any CPU
	EndGlobalSection
	GlobalSection(ProjectConfigurationPlatforms) = postSolution
		{B86AE3F3-795D-40F7-A12F-DCB1C078976A}.Debug|Any CPU.ActiveCfg = Debug|Any CPU
		{B86AE3F3-795D-40F7-A12F-DCB1C078976A}.Debug|Any CPU.Build.0 = Debug|Any CPU
		{B86AE3F3-795D-40F7-A12F-DCB1C078976A}.Debug|Any CPU.Deploy.0 = Debug|Any CPU
		{B86AE3F3-795D-40F7-A12F-DCB1C078976A}.Release|Any CPU.ActiveCfg = Release|Any CPU
		{B86AE3F3-795D-40F7-A12F-DCB1C078976A}.Release|Any CPU.Build.0 = Release|Any CPU
		{B86AE3F3-795D-40F7-A12F-DCB1C078976A}.Release|Any CPU.Deploy.0 = Release|Any CPU
		{C23F729D-0249-4B29-B27A-99F423834640}.Debug|Any CPU.ActiveCfg = Debug|Any CPU
		{C23F729D-0249-4B29-B27A-99F423834640}.Debug|Any CPU.Build.0 = Debug|Any CPU
		{C23F729D-0249-4B29-B27A-99F423834640}.Release|Any CPU.ActiveCfg = Release|Any CPU
		{C23F729D-0249-4B29-B27A-99F423834640}.Release|Any CPU.Build.0 = Release|Any CPU
		{3538DC8F-482E-4381-8E5D-1FC6C346EE9B}.Debug|Any CPU.ActiveCfg = Debug|Any CPU
		{3538DC8F-482E-4381-8E5D-1FC6C346EE9B}.Debug|Any CPU.Build.0 = Debug|Any CPU
		{3538DC8F-482E-4381-8E5D-1FC6C346EE9B}.Release|Any CPU.ActiveCfg = Release|Any CPU
		{3538DC8F-482E-4381-8E5D-1FC6C346EE9B}.Release|Any CPU.Build.0 = Release|Any CPU
	EndGlobalSection
	GlobalSection(SolutionProperties) = preSolution
		HideSolutionNode = FALSE
	EndGlobalSection
EndGlobal
